
Microsoft Visual Studio Solution File, Format Version 12.00
# Visual Studio 15
VisualStudioVersion = 15.0.27703.2035
MinimumVisualStudioVersion = 10.0.40219.1
Project("{FAE04EC0-301F-11D3-BF4B-00C04F79EFBC}") = "Projeto_Exercicio_17", "Projeto_Exercicio_17\Projeto_Exercicio_17.csproj", "{90AB9620-B712-4778-83A4-FF7136982E7F}"
EndProject
Project("{FAE04EC0-301F-11D3-BF4B-00C04F79EFBC}") = "Projeto_Exercicio_18", "Projeto_Exercicio_18\Projeto_Exercicio_18.csproj", "{86AE95C6-6049-4EF5-A31B-851CE1C038CF}"
EndProject
Project("{FAE04EC0-301F-11D3-BF4B-00C04F79EFBC}") = "Projeto_Exercicio_19", "Projeto_Exercicio_19\Projeto_Exercicio_19.csproj", "{6FA37A03-6AC8-4B5A-BB1D-A01F2D55355E}"
EndProject
Global
	GlobalSection(SolutionConfigurationPlatforms) = preSolution
		Debug|Any CPU = Debug|Any CPU
		Release|Any CPU = Release|Any CPU
	EndGlobalSection
	GlobalSection(ProjectConfigurationPlatforms) = postSolution
		{90AB9620-B712-4778-83A4-FF7136982E7F}.Debug|Any CPU.ActiveCfg = Debug|Any CPU
		{90AB9620-B712-4778-83A4-FF7136982E7F}.Debug|Any CPU.Build.0 = Debug|Any CPU
		{90AB9620-B712-4778-83A4-FF7136982E7F}.Release|Any CPU.ActiveCfg = Release|Any CPU
		{90AB9620-B712-4778-83A4-FF7136982E7F}.Release|Any CPU.Build.0 = Release|Any CPU
		{86AE95C6-6049-4EF5-A31B-851CE1C038CF}.Debug|Any CPU.ActiveCfg = Debug|Any CPU
		{86AE95C6-6049-4EF5-A31B-851CE1C038CF}.Debug|Any CPU.Build.0 = Debug|Any CPU
		{86AE95C6-6049-4EF5-A31B-851CE1C038CF}.Release|Any CPU.ActiveCfg = Release|Any CPU
		{86AE95C6-6049-4EF5-A31B-851CE1C038CF}.Release|Any CPU.Build.0 = Release|Any CPU
		{6FA37A03-6AC8-4B5A-BB1D-A01F2D55355E}.Debug|Any CPU.ActiveCfg = Debug|Any CPU
		{6FA37A03-6AC8-4B5A-BB1D-A01F2D55355E}.Debug|Any CPU.Build.0 = Debug|Any CPU
		{6FA37A03-6AC8-4B5A-BB1D-A01F2D55355E}.Release|Any CPU.ActiveCfg = Release|Any CPU
		{6FA37A03-6AC8-4B5A-BB1D-A01F2D55355E}.Release|Any CPU.Build.0 = Release|Any CPU
	EndGlobalSection
	GlobalSection(SolutionProperties) = preSolution
		HideSolutionNode = FALSE
	EndGlobalSection
	GlobalSection(ExtensibilityGlobals) = postSolution
		SolutionGuid = {0D302229-4BD0-417D-9D7A-69A32DB2F306}
	EndGlobalSection
EndGlobal
