
Microsoft Visual Studio Solution File, Format Version 12.00
# Visual Studio 15
VisualStudioVersion = 15.0.27703.2035
MinimumVisualStudioVersion = 10.0.40219.1
Project("{FAE04EC0-301F-11D3-BF4B-00C04F79EFBC}") = "Projeto_Exercicio_5", "Projeto_Exercicio_5\Projeto_Exercicio_5.csproj", "{6CD971EE-3E06-4395-9481-D2321C075031}"
EndProject
Global
	GlobalSection(SolutionConfigurationPlatforms) = preSolution
		Debug|Any CPU = Debug|Any CPU
		Release|Any CPU = Release|Any CPU
	EndGlobalSection
	GlobalSection(ProjectConfigurationPlatforms) = postSolution
		{6CD971EE-3E06-4395-9481-D2321C075031}.Debug|Any CPU.ActiveCfg = Debug|Any CPU
		{6CD971EE-3E06-4395-9481-D2321C075031}.Debug|Any CPU.Build.0 = Debug|Any CPU
		{6CD971EE-3E06-4395-9481-D2321C075031}.Release|Any CPU.ActiveCfg = Release|Any CPU
		{6CD971EE-3E06-4395-9481-D2321C075031}.Release|Any CPU.Build.0 = Release|Any CPU
	EndGlobalSection
	GlobalSection(SolutionProperties) = preSolution
		HideSolutionNode = FALSE
	EndGlobalSection
	GlobalSection(ExtensibilityGlobals) = postSolution
		SolutionGuid = {0D5D8437-AB3B-4CF8-9660-E35F1CBDB560}
	EndGlobalSection
EndGlobal
