
Microsoft Visual Studio Solution File, Format Version 12.00
# Visual Studio 15
VisualStudioVersion = 15.0.28307.329
MinimumVisualStudioVersion = 10.0.40219.1
Project("{FAE04EC0-301F-11D3-BF4B-00C04F79EFBC}") = "Projeto_Exercicio_7", "Projeto_Exercicio_7\Projeto_Exercicio_7.csproj", "{051E6027-8EF2-41FA-89D2-894B48FFABE4}"
EndProject
Global
	GlobalSection(SolutionConfigurationPlatforms) = preSolution
		Debug|Any CPU = Debug|Any CPU
		Release|Any CPU = Release|Any CPU
	EndGlobalSection
	GlobalSection(ProjectConfigurationPlatforms) = postSolution
		{051E6027-8EF2-41FA-89D2-894B48FFABE4}.Debug|Any CPU.ActiveCfg = Debug|Any CPU
		{051E6027-8EF2-41FA-89D2-894B48FFABE4}.Debug|Any CPU.Build.0 = Debug|Any CPU
		{051E6027-8EF2-41FA-89D2-894B48FFABE4}.Release|Any CPU.ActiveCfg = Release|Any CPU
		{051E6027-8EF2-41FA-89D2-894B48FFABE4}.Release|Any CPU.Build.0 = Release|Any CPU
	EndGlobalSection
	GlobalSection(SolutionProperties) = preSolution
		HideSolutionNode = FALSE
	EndGlobalSection
	GlobalSection(ExtensibilityGlobals) = postSolution
		SolutionGuid = {7AA2A24F-74EE-480D-B5B5-E4B9A0FCDC4B}
	EndGlobalSection
EndGlobal
