
Microsoft Visual Studio Solution File, Format Version 12.00
# Visual Studio 15
VisualStudioVersion = 15.0.27703.2035
MinimumVisualStudioVersion = 10.0.40219.1
Project("{FAE04EC0-301F-11D3-BF4B-00C04F79EFBC}") = "Projeto_Exercicio_3", "Projeto_Exercicio_3\Projeto_Exercicio_3.csproj", "{11050467-90B3-4E1D-A562-0B680D6DB434}"
EndProject
Global
	GlobalSection(SolutionConfigurationPlatforms) = preSolution
		Debug|Any CPU = Debug|Any CPU
		Release|Any CPU = Release|Any CPU
	EndGlobalSection
	GlobalSection(ProjectConfigurationPlatforms) = postSolution
		{11050467-90B3-4E1D-A562-0B680D6DB434}.Debug|Any CPU.ActiveCfg = Debug|Any CPU
		{11050467-90B3-4E1D-A562-0B680D6DB434}.Debug|Any CPU.Build.0 = Debug|Any CPU
		{11050467-90B3-4E1D-A562-0B680D6DB434}.Release|Any CPU.ActiveCfg = Release|Any CPU
		{11050467-90B3-4E1D-A562-0B680D6DB434}.Release|Any CPU.Build.0 = Release|Any CPU
	EndGlobalSection
	GlobalSection(SolutionProperties) = preSolution
		HideSolutionNode = FALSE
	EndGlobalSection
	GlobalSection(ExtensibilityGlobals) = postSolution
		SolutionGuid = {8A3A3329-97A7-4D67-8447-EE07DA53BE90}
	EndGlobalSection
EndGlobal
