
Microsoft Visual Studio Solution File, Format Version 12.00
# Visual Studio 15
VisualStudioVersion = 15.0.27703.2035
MinimumVisualStudioVersion = 10.0.40219.1
Project("{FAE04EC0-301F-11D3-BF4B-00C04F79EFBC}") = "Projeto_Exercicio_11", "Projeto_Exercicio_11\Projeto_Exercicio_11.csproj", "{2B1E58FF-8A33-4338-9536-C3860B1EF89D}"
EndProject
Global
	GlobalSection(SolutionConfigurationPlatforms) = preSolution
		Debug|Any CPU = Debug|Any CPU
		Release|Any CPU = Release|Any CPU
	EndGlobalSection
	GlobalSection(ProjectConfigurationPlatforms) = postSolution
		{2B1E58FF-8A33-4338-9536-C3860B1EF89D}.Debug|Any CPU.ActiveCfg = Debug|Any CPU
		{2B1E58FF-8A33-4338-9536-C3860B1EF89D}.Debug|Any CPU.Build.0 = Debug|Any CPU
		{2B1E58FF-8A33-4338-9536-C3860B1EF89D}.Release|Any CPU.ActiveCfg = Release|Any CPU
		{2B1E58FF-8A33-4338-9536-C3860B1EF89D}.Release|Any CPU.Build.0 = Release|Any CPU
	EndGlobalSection
	GlobalSection(SolutionProperties) = preSolution
		HideSolutionNode = FALSE
	EndGlobalSection
	GlobalSection(ExtensibilityGlobals) = postSolution
		SolutionGuid = {B42C090A-0F04-407F-A04D-C39B74715D80}
	EndGlobalSection
EndGlobal
