
Microsoft Visual Studio Solution File, Format Version 12.00
# Visual Studio 15
VisualStudioVersion = 15.0.27703.2035
MinimumVisualStudioVersion = 10.0.40219.1
Project("{FAE04EC0-301F-11D3-BF4B-00C04F79EFBC}") = "Projeto_Exercicio_4", "Projeto_Exercicio_4\Projeto_Exercicio_4.csproj", "{7A90AD56-EEAC-4E16-9A44-2D12E630800F}"
EndProject
Global
	GlobalSection(SolutionConfigurationPlatforms) = preSolution
		Debug|Any CPU = Debug|Any CPU
		Release|Any CPU = Release|Any CPU
	EndGlobalSection
	GlobalSection(ProjectConfigurationPlatforms) = postSolution
		{7A90AD56-EEAC-4E16-9A44-2D12E630800F}.Debug|Any CPU.ActiveCfg = Debug|Any CPU
		{7A90AD56-EEAC-4E16-9A44-2D12E630800F}.Debug|Any CPU.Build.0 = Debug|Any CPU
		{7A90AD56-EEAC-4E16-9A44-2D12E630800F}.Release|Any CPU.ActiveCfg = Release|Any CPU
		{7A90AD56-EEAC-4E16-9A44-2D12E630800F}.Release|Any CPU.Build.0 = Release|Any CPU
	EndGlobalSection
	GlobalSection(SolutionProperties) = preSolution
		HideSolutionNode = FALSE
	EndGlobalSection
	GlobalSection(ExtensibilityGlobals) = postSolution
		SolutionGuid = {4C4A2DED-9255-493B-9597-B70D5784DF29}
	EndGlobalSection
EndGlobal
